
Microsoft Visual Studio Solution File, Format Version 12.00
# Visual Studio 15
VisualStudioVersion = 15.0.28010.2026
MinimumVisualStudioVersion = 10.0.40219.1
Project("{FAE04EC0-301F-11D3-BF4B-00C04F79EFBC}") = "AtTheMovies", "AtTheMovies\AtTheMovies.csproj", "{EE3D1736-4DF8-4F15-8B1B-41D2CB90C469}"
EndProject
Global
	GlobalSection(SolutionConfigurationPlatforms) = preSolution
		Debug|Any CPU = Debug|Any CPU
		Release|Any CPU = Release|Any CPU
	EndGlobalSection
	GlobalSection(ProjectConfigurationPlatforms) = postSolution
		{EE3D1736-4DF8-4F15-8B1B-41D2CB90C469}.Debug|Any CPU.ActiveCfg = Debug|Any CPU
		{EE3D1736-4DF8-4F15-8B1B-41D2CB90C469}.Debug|Any CPU.Build.0 = Debug|Any CPU
		{EE3D1736-4DF8-4F15-8B1B-41D2CB90C469}.Release|Any CPU.ActiveCfg = Release|Any CPU
		{EE3D1736-4DF8-4F15-8B1B-41D2CB90C469}.Release|Any CPU.Build.0 = Release|Any CPU
	EndGlobalSection
	GlobalSection(SolutionProperties) = preSolution
		HideSolutionNode = FALSE
	EndGlobalSection
	GlobalSection(ExtensibilityGlobals) = postSolution
		SolutionGuid = {40480701-4F43-47CC-93E9-EE844058DAC1}
	EndGlobalSection
EndGlobal
